<?xml version="1.0" encoding="utf-8"?>
<Project ToolsVersion="4.0" xmlns="http://schemas.microsoft.com/developer/msbuild/2003">
  <ItemGroup>
    <Filter Include="Исходные файлы">
      <UniqueIdentifier>{4FC737F1-C7A5-4376-A066-2A32D752A2FF}</UniqueIdentifier>
      <Extensions>cpp;c;cc;cxx;def;odl;idl;hpj;bat;asm;asmx</Extensions>
    </Filter>
    <Filter Include="Файлы заголовков">
      <UniqueIdentifier>{93995380-89BD-4b04-88EB-625FBE52EBFB}</UniqueIdentifier>
      <Extensions>h;hh;hpp;hxx;hm;inl;inc;ipp;xsd</Extensions>
    </Filter>
    <Filter Include="Файлы ресурсов">
      <UniqueIdentifier>{67DA6AB6-F800-4c08-8B7A-83BB121AAD01}</UniqueIdentifier>
      <Extensions>rc;ico;cur;bmp;dlg;rc2;rct;bin;rgs;gif;jpg;jpeg;jpe;resx;tiff;tif;png;wav;mfcribbon-ms</Extensions>
    </Filter>
  </ItemGroup>
  <ItemGroup>
    <ClCompile Include="SurfaceReconstruction.cpp">
      <Filter>Исходные файлы</Filter>
    </ClCompile>
    <ClCompile Include="Engine\Private\Algorithms\CommonStruct.cpp">
      <Filter>Исходные файлы</Filter>
    </ClCompile>
    <ClCompile Include="Engine\Private\Algorithms\BinaryTree.cpp">
      <Filter>Исходные файлы</Filter>
    </ClCompile>
    <ClCompile Include="Engine\Private\File\ReadPoints.cpp">
      <Filter>Исходные файлы</Filter>
    </ClCompile>
    <ClCompile Include="voro\c_loops.cc">
      <Filter>Исходные файлы</Filter>
    </ClCompile>
    <ClCompile Include="voro\cell.cc">
      <Filter>Исходные файлы</Filter>
    </ClCompile>
    <ClCompile Include="voro\common.cc">
      <Filter>Исходные файлы</Filter>
    </ClCompile>
    <ClCompile Include="voro\container.cc">
      <Filter>Исходные файлы</Filter>
    </ClCompile>
    <ClCompile Include="voro\container_prd.cc">
      <Filter>Исходные файлы</Filter>
    </ClCompile>
    <ClCompile Include="voro\pre_container.cc">
      <Filter>Исходные файлы</Filter>
    </ClCompile>
    <ClCompile Include="voro\unitcell.cc">
      <Filter>Исходные файлы</Filter>
    </ClCompile>
    <ClCompile Include="voro\v_base.cc">
      <Filter>Исходные файлы</Filter>
    </ClCompile>
    <ClCompile Include="voro\v_compute.cc">
      <Filter>Исходные файлы</Filter>
    </ClCompile>
    <ClCompile Include="voro\voro++.cc">
      <Filter>Исходные файлы</Filter>
    </ClCompile>
    <ClCompile Include="voro\wall.cc">
      <Filter>Исходные файлы</Filter>
    </ClCompile>
  </ItemGroup>
  <ItemGroup>
    <ClInclude Include="Engine\Public\Algorithms\CommonStruct.h">
      <Filter>Файлы заголовков</Filter>
    </ClInclude>
    <ClInclude Include="Engine\Public\Algorithms\BinaryTree.h">
      <Filter>Файлы заголовков</Filter>
    </ClInclude>
    <ClInclude Include="Engine\Public\File\ReadPoints.h">
      <Filter>Файлы заголовков</Filter>
    </ClInclude>
    <ClInclude Include="Experiments\ExecuteAround.h">
      <Filter>Файлы заголовков</Filter>
    </ClInclude>
    <ClInclude Include="Experiments\SafeThreadMap.h">
      <Filter>Файлы заголовков</Filter>
    </ClInclude>
    <ClInclude Include="Experiments\SafePtr.h">
      <Filter>Файлы заголовков</Filter>
    </ClInclude>
    <ClInclude Include="Experiments\AppCashFlow.h">
      <Filter>Файлы заголовков</Filter>
    </ClInclude>
    <ClInclude Include="voro\c_loops.hh">
      <Filter>Файлы заголовков</Filter>
    </ClInclude>
    <ClInclude Include="voro\cell.hh">
      <Filter>Файлы заголовков</Filter>
    </ClInclude>
    <ClInclude Include="voro\common.hh">
      <Filter>Файлы заголовков</Filter>
    </ClInclude>
    <ClInclude Include="voro\config.hh">
      <Filter>Файлы заголовков</Filter>
    </ClInclude>
    <ClInclude Include="voro\container.hh">
      <Filter>Файлы заголовков</Filter>
    </ClInclude>
    <ClInclude Include="voro\container_prd.hh">
      <Filter>Файлы заголовков</Filter>
    </ClInclude>
    <ClInclude Include="voro\pre_container.hh">
      <Filter>Файлы заголовков</Filter>
    </ClInclude>
    <ClInclude Include="voro\rad_option.hh">
      <Filter>Файлы заголовков</Filter>
    </ClInclude>
    <ClInclude Include="voro\unitcell.hh">
      <Filter>Файлы заголовков</Filter>
    </ClInclude>
    <ClInclude Include="voro\v_base.hh">
      <Filter>Файлы заголовков</Filter>
    </ClInclude>
    <ClInclude Include="voro\v_compute.hh">
      <Filter>Файлы заголовков</Filter>
    </ClInclude>
    <ClInclude Include="voro\voro++.hh">
      <Filter>Файлы заголовков</Filter>
    </ClInclude>
    <ClInclude Include="voro\wall.hh">
      <Filter>Файлы заголовков</Filter>
    </ClInclude>
    <ClInclude Include="voro\worklist.hh">
      <Filter>Файлы заголовков</Filter>
    </ClInclude>
    <ClInclude Include="MyLib\ReadXYZ.h">
      <Filter>Файлы заголовков</Filter>
    </ClInclude>
    <ClInclude Include="MyLib\Struct.h">
      <Filter>Файлы заголовков</Filter>
    </ClInclude>
    <ClInclude Include="MyLib\VoronoiFortune.h">
      <Filter>Файлы заголовков</Filter>
    </ClInclude>
    <ClInclude Include="MyLib\DelaunayTriangulation.h">
      <Filter>Файлы заголовков</Filter>
    </ClInclude>
  </ItemGroup>
  <ItemGroup>
    <None Include="voro\Doxyfile" />
    <None Include="voro\Makefile" />
    <None Include="voro\Makefile.dep" />
    <None Include="voro\README" />
    <None Include="voro\worklist_gen.pl" />
  </ItemGroup>
</Project>